Microsoft Visual Studio Solution File, Format Version 12.00
# Visual Studio Version 17
VisualStudioVersion = 17.5.2.0
MinimumVisualStudioVersion = 10.0.40219.1
Project("{FAE04EC0-301F-11D3-BF4B-00C04F79EFBC}") = "MultiAgentApp", "MultiAgentApp.csproj", "{56EEB366-87FB-22B3-D496-AFD6ECA4CC15}"
EndProject
Global
	GlobalSection(SolutionConfigurationPlatforms) = preSolution
		Debug|Any CPU = Debug|Any CPU
		Release|Any CPU = Release|Any CPU
	EndGlobalSection
	GlobalSection(ProjectConfigurationPlatforms) = postSolution
		{56EEB366-87FB-22B3-D496-AFD6ECA4CC15}.Debug|Any CPU.ActiveCfg = Debug|Any CPU
		{56EEB366-87FB-22B3-D496-AFD6ECA4CC15}.Debug|Any CPU.Build.0 = Debug|Any CPU
		{56EEB366-87FB-22B3-D496-AFD6ECA4CC15}.Release|Any CPU.ActiveCfg = Release|Any CPU
		{56EEB366-87FB-22B3-D496-AFD6ECA4CC15}.Release|Any CPU.Build.0 = Release|Any CPU
	EndGlobalSection
	GlobalSection(SolutionProperties) = preSolution
		HideSolutionNode = FALSE
	EndGlobalSection
	GlobalSection(ExtensibilityGlobals) = postSolution
		SolutionGuid = {36E7E528-3CC6-41BD-8138-5EA521286B0D}
	EndGlobalSection
EndGlobal
